
Microsoft Visual Studio Solution File, Format Version 12.00
# Visual Studio Version 17
VisualStudioVersion = 17.6.33815.320
MinimumVisualStudioVersion = 10.0.40219.1
Project("{FAE04EC0-301F-11D3-BF4B-00C04F79EFBC}") = "CachingExample", "CachingExample\CachingExample.csproj", "{E88AC144-9569-4662-B0BA-BF8B289194A5}"
EndProject
Project("{FAE04EC0-301F-11D3-BF4B-00C04F79EFBC}") = "DataAccessLibrary", "DataAccessLibrary\DataAccessLibrary.csproj", "{2BACA8DC-1C20-4196-A30D-D17415AB9385}"
EndProject
Global
	GlobalSection(SolutionConfigurationPlatforms) = preSolution
		Debug|Any CPU = Debug|Any CPU
		Release|Any CPU = Release|Any CPU
	EndGlobalSection
	GlobalSection(ProjectConfigurationPlatforms) = postSolution
		{E88AC144-9569-4662-B0BA-BF8B289194A5}.Debug|Any CPU.ActiveCfg = Debug|Any CPU
		{E88AC144-9569-4662-B0BA-BF8B289194A5}.Debug|Any CPU.Build.0 = Debug|Any CPU
		{E88AC144-9569-4662-B0BA-BF8B289194A5}.Release|Any CPU.ActiveCfg = Release|Any CPU
		{E88AC144-9569-4662-B0BA-BF8B289194A5}.Release|Any CPU.Build.0 = Release|Any CPU
		{2BACA8DC-1C20-4196-A30D-D17415AB9385}.Debug|Any CPU.ActiveCfg = Debug|Any CPU
		{2BACA8DC-1C20-4196-A30D-D17415AB9385}.Debug|Any CPU.Build.0 = Debug|Any CPU
		{2BACA8DC-1C20-4196-A30D-D17415AB9385}.Release|Any CPU.ActiveCfg = Release|Any CPU
		{2BACA8DC-1C20-4196-A30D-D17415AB9385}.Release|Any CPU.Build.0 = Release|Any CPU
	EndGlobalSection
	GlobalSection(SolutionProperties) = preSolution
		HideSolutionNode = FALSE
	EndGlobalSection
	GlobalSection(ExtensibilityGlobals) = postSolution
		SolutionGuid = {30A0CB9E-2991-4B75-8D86-E8745DC0DA6B}
	EndGlobalSection
EndGlobal
